
Microsoft Visual Studio Solution File, Format Version 12.00
# Visual Studio Version 16
VisualStudioVersion = 16.0.31424.327
MinimumVisualStudioVersion = 10.0.40219.1
Project("{FAE04EC0-301F-11D3-BF4B-00C04F79EFBC}") = "pz3", "pz3.csproj", "{D51D8185-BEE5-454E-80B1-0128033F416C}"
EndProject
Global
	GlobalSection(SolutionConfigurationPlatforms) = preSolution
		Debug|Any CPU = Debug|Any CPU
		Release|Any CPU = Release|Any CPU
	EndGlobalSection
	GlobalSection(ProjectConfigurationPlatforms) = postSolution
		{D51D8185-BEE5-454E-80B1-0128033F416C}.Debug|Any CPU.ActiveCfg = Debug|Any CPU
		{D51D8185-BEE5-454E-80B1-0128033F416C}.Debug|Any CPU.Build.0 = Debug|Any CPU
		{D51D8185-BEE5-454E-80B1-0128033F416C}.Release|Any CPU.ActiveCfg = Release|Any CPU
		{D51D8185-BEE5-454E-80B1-0128033F416C}.Release|Any CPU.Build.0 = Release|Any CPU
	EndGlobalSection
	GlobalSection(SolutionProperties) = preSolution
		HideSolutionNode = FALSE
	EndGlobalSection
	GlobalSection(ExtensibilityGlobals) = postSolution
		SolutionGuid = {83823C87-EC77-4999-B92E-22B1BD29FE44}
	EndGlobalSection
EndGlobal
